
Microsoft Visual Studio Solution File, Format Version 12.00
# Visual Studio for Mac
Project("{FAE04EC0-301F-11D3-BF4B-00C04F79EFBC}") = "PointCloud", "Assembly-CSharp.csproj", "{204CE3E5-1D57-6EB6-CA5B-2C528836F496}"
EndProject
Project("{FAE04EC0-301F-11D3-BF4B-00C04F79EFBC}") = "PointCloud", "Assembly-CSharp-Editor.csproj", "{F071C1A0-D358-81C9-B901-D4066F1A96DB}"
EndProject
Global
	GlobalSection(SolutionConfigurationPlatforms) = preSolution
		Debug|Any CPU = Debug|Any CPU
		Release|Any CPU = Release|Any CPU
	EndGlobalSection
	GlobalSection(ProjectConfigurationPlatforms) = postSolution
		{204CE3E5-1D57-6EB6-CA5B-2C528836F496}.Debug|Any CPU.ActiveCfg = Debug|Any CPU
		{204CE3E5-1D57-6EB6-CA5B-2C528836F496}.Debug|Any CPU.Build.0 = Debug|Any CPU
		{204CE3E5-1D57-6EB6-CA5B-2C528836F496}.Release|Any CPU.ActiveCfg = Release|Any CPU
		{204CE3E5-1D57-6EB6-CA5B-2C528836F496}.Release|Any CPU.Build.0 = Release|Any CPU
		{F071C1A0-D358-81C9-B901-D4066F1A96DB}.Debug|Any CPU.ActiveCfg = Debug|Any CPU
		{F071C1A0-D358-81C9-B901-D4066F1A96DB}.Debug|Any CPU.Build.0 = Debug|Any CPU
		{F071C1A0-D358-81C9-B901-D4066F1A96DB}.Release|Any CPU.ActiveCfg = Release|Any CPU
		{F071C1A0-D358-81C9-B901-D4066F1A96DB}.Release|Any CPU.Build.0 = Release|Any CPU
	EndGlobalSection
	GlobalSection(SolutionProperties) = preSolution
		HideSolutionNode = FALSE
	EndGlobalSection
EndGlobal
